PODS:
  - BarcodeScanner (4.1.3)
  - KMPlaceholderTextView (1.3.0)

DEPENDENCIES:
  - BarcodeScanner
  - KMPlaceholderTextView (~> 1.3.0)

SPEC REPOS:
  https://github.com/cocoapods/specs.git:
    - BarcodeScanner
    - KMPlaceholderTextView

SPEC CHECKSUMS:
  BarcodeScanner: fce1ad2b3f28286b1ab5091fe0979789618bee27
  KMPlaceholderTextView: 2bbcd19a273648a80a61e1e48f9743a24d8930e3

PODFILE CHECKSUM: 073ab0f2cfbfbca8f1c4658b36f23420422b3441

COCOAPODS: 1.5.3
