PODS:
  - Alamofire (4.7.3)
  - KMPlaceholderTextView (1.3.0)
  - Sentry (4.1.0):
    - Sentry/Core (= 4.1.0)
  - Sentry/Core (4.1.0)
  - SwiftLint (0.27.0)
  - WhatsNewKit (1.1.7)

DEPENDENCIES:
  - Alamofire
  - KMPlaceholderTextView (from `https://github.com/MoZhouqi/KMPlaceholderTextView.git`)
  - Sentry
  - SwiftLint
  - WhatsNewKit

SPEC REPOS:
  https://github.com/cocoapods/specs.git:
    - Alamofire
    - Sentry
    - SwiftLint
    - WhatsNewKit

EXTERNAL SOURCES:
  KMPlaceholderTextView:
    :git: https://github.com/MoZhouqi/KMPlaceholderTextView.git

CHECKOUT OPTIONS:
  KMPlaceholderTextView:
    :commit: 25f94dd909eea4949413df5b7b4b0892bf3bc163
    :git: https://github.com/MoZhouqi/KMPlaceholderTextView.git

SPEC CHECKSUMS:
  Alamofire: c7287b6e5d7da964a70935e5db17046b7fde6568
  KMPlaceholderTextView: 2bbcd19a273648a80a61e1e48f9743a24d8930e3
  Sentry: 44b85e768f435ede4d12ea279af588ff275c3939
  SwiftLint: 3207c1faa2240bf8973b191820a116113cd11073
  WhatsNewKit: 3976120978db0089535f777cd1b442579418b6fa

PODFILE CHECKSUM: e5f1e6c4ccb364f2b0152228b16d8f158c8370c8

COCOAPODS: 1.5.2
