// !$*UTF8*$!
{
	archiveVersion = 1;
	classes = {
	};
	objectVersion = 48;
	objects = {

/* Begin PBXBuildFile section */
		04CBC53E2177847D00D35604 /* InfoPlist.strings in Resources */ = {isa = PBXBuildFile; fileRef = 04CBC5402177847D00D35604 /* InfoPlist.strings */; };
		04CBC5452177878800D35604 /* Localizable.strings in Resources */ = {isa = PBXBuildFile; fileRef = 04CBC5472177878800D35604 /* Localizable.strings */; };
		3205710D2033B0F100FCA3B1 /* AppDelegate.swift in Sources */ = {isa = PBXBuildFile; fileRef = 3205710C2033B0F100FCA3B1 /* AppDelegate.swift */; };
		320571122033B0F100FCA3B1 /* Main.storyboard in Resources */ = {isa = PBXBuildFile; fileRef = 320571102033B0F100FCA3B1 /* Main.storyboard */; };
		320571152033B0F100FCA3B1 /* WHIR.xcdatamodeld in Sources */ = {isa = PBXBuildFile; fileRef = 320571132033B0F100FCA3B1 /* WHIR.xcdatamodeld */; };
		320571172033B0F100FCA3B1 /* Assets.xcassets in Resources */ = {isa = PBXBuildFile; fileRef = 320571162033B0F100FCA3B1 /* Assets.xcassets */; };
		3205711A2033B0F100FCA3B1 /* LaunchScreen.storyboard in Resources */ = {isa = PBXBuildFile; fileRef = 320571182033B0F100FCA3B1 /* LaunchScreen.storyboard */; };
		3213C19B2111E5E100D88142 /* Book+CoreDataProperties.swift in Sources */ = {isa = PBXBuildFile; fileRef = 3213C1992111E5E100D88142 /* Book+CoreDataProperties.swift */; };
		3213C19C2111E5E100D88142 /* Book+CoreDataClass.swift in Sources */ = {isa = PBXBuildFile; fileRef = 3213C19A2111E5E100D88142 /* Book+CoreDataClass.swift */; };
		324F2DCF2075877A006EFF74 /* CoreData.framework in Frameworks */ = {isa = PBXBuildFile; fileRef = 324F2DCE2075877A006EFF74 /* CoreData.framework */; };
		326102B520751D8E00AB0BE8 /* DetailViewController.swift in Sources */ = {isa = PBXBuildFile; fileRef = 326102B420751D8D00AB0BE8 /* DetailViewController.swift */; };
		3262142B203737A200EA8A83 /* AlertableError.swift in Sources */ = {isa = PBXBuildFile; fileRef = 3262142A203737A200EA8A83 /* AlertableError.swift */; };
		327A11F020BDCBDF008B635F /* StoreKit.framework in Frameworks */ = {isa = PBXBuildFile; fileRef = 327A11EF20BDCBDF008B635F /* StoreKit.framework */; };
		328BC3282049952F0094B9DC /* BookFetchedResultsController.swift in Sources */ = {isa = PBXBuildFile; fileRef = 328BC3272049952E0094B9DC /* BookFetchedResultsController.swift */; };
		32B0B06C20763A870048E8DD /* SearchViewController.swift in Sources */ = {isa = PBXBuildFile; fileRef = 32B0B06B20763A870048E8DD /* SearchViewController.swift */; };
		32BDE54120341FEF00247FC0 /* CoreDataStack.swift in Sources */ = {isa = PBXBuildFile; fileRef = 32BDE54020341FEF00247FC0 /* CoreDataStack.swift */; };
		32BDE543203421E300247FC0 /* TableViewController.swift in Sources */ = {isa = PBXBuildFile; fileRef = 32BDE542203421E300247FC0 /* TableViewController.swift */; };
		32BDE545203425C400247FC0 /* AddViewController.swift in Sources */ = {isa = PBXBuildFile; fileRef = 32BDE544203425C400247FC0 /* AddViewController.swift */; };
		32CB0E562075728600B1215C /* InfoViewController.swift in Sources */ = {isa = PBXBuildFile; fileRef = 32CB0E552075728600B1215C /* InfoViewController.swift */; };
		32D2545420BD9AA200B5234F /* MarketingAlertHelper.swift in Sources */ = {isa = PBXBuildFile; fileRef = 32D2545320BD9AA200B5234F /* MarketingAlertHelper.swift */; };
		4BAD8E4053D083DBE774C019 /* Pods_WHIR.framework in Frameworks */ = {isa = PBXBuildFile; fileRef = F48F58823F53CA0B603B31AF /* Pods_WHIR.framework */; };
		EDE2E912217F176F00306C53 /* OpenLibraryService.swift in Sources */ = {isa = PBXBuildFile; fileRef = EDE2E911217F176F00306C53 /* OpenLibraryService.swift */; };
		EDE2E914217F1AFB00306C53 /* OpenLibraryBook.swift in Sources */ = {isa = PBXBuildFile; fileRef = EDE2E913217F1AFB00306C53 /* OpenLibraryBook.swift */; };
		EDE2E925217F38FE00306C53 /* OpenLibraryBookTests.swift in Sources */ = {isa = PBXBuildFile; fileRef = EDE2E924217F38FE00306C53 /* OpenLibraryBookTests.swift */; };
		EDE2E928217F398F00306C53 /* XCTestCaseExtensions.swift in Sources */ = {isa = PBXBuildFile; fileRef = EDE2E927217F398F00306C53 /* XCTestCaseExtensions.swift */; };
		EDE2E92B217F39B800306C53 /* Payloads.bundle in Resources */ = {isa = PBXBuildFile; fileRef = EDE2E92A217F39B800306C53 /* Payloads.bundle */; };
/* End PBXBuildFile section */

/* Begin PBXContainerItemProxy section */
		EDE2E91E217F38B300306C53 /* PBXContainerItemProxy */ = {
			isa = PBXContainerItemProxy;
			containerPortal = 320571012033B0F100FCA3B1 /* Project object */;
			proxyType = 1;
			remoteGlobalIDString = 320571082033B0F100FCA3B1;
			remoteInfo = WHIR;
		};
/* End PBXContainerItemProxy section */

/* Begin PBXFileReference section */
		04CBC5372177761100D35604 /* de */ = {isa = PBXFileReference; lastKnownFileType = text.plist.strings; name = de; path = de.lproj/Main.strings; sourceTree = "<group>"; };
		04CBC5382177761100D35604 /* de */ = {isa = PBXFileReference; lastKnownFileType = text.plist.strings; name = de; path = de.lproj/LaunchScreen.strings; sourceTree = "<group>"; };
		04CBC5412177847F00D35604 /* de */ = {isa = PBXFileReference; lastKnownFileType = text.plist.strings; name = de; path = de.lproj/InfoPlist.strings; sourceTree = "<group>"; };
		04CBC5422177858A00D35604 /* en */ = {isa = PBXFileReference; lastKnownFileType = text.plist.strings; name = en; path = en.lproj/InfoPlist.strings; sourceTree = "<group>"; };
		04CBC5462177878800D35604 /* en */ = {isa = PBXFileReference; lastKnownFileType = text.plist.strings; name = en; path = en.lproj/Localizable.strings; sourceTree = "<group>"; };
		04CBC5482177878900D35604 /* de */ = {isa = PBXFileReference; lastKnownFileType = text.plist.strings; name = de; path = de.lproj/Localizable.strings; sourceTree = "<group>"; };
		2119D20A574449EBD3DB65D1 /* Pods-WHIR.debug.xcconfig */ = {isa = PBXFileReference; includeInIndex = 1; lastKnownFileType = text.xcconfig; name = "Pods-WHIR.debug.xcconfig"; path = "Pods/Target Support Files/Pods-WHIR/Pods-WHIR.debug.xcconfig"; sourceTree = "<group>"; };
		2BF5B6DD9D0F2D934E55481F /* Pods-WHIR.release.xcconfig */ = {isa = PBXFileReference; includeInIndex = 1; lastKnownFileType = text.xcconfig; name = "Pods-WHIR.release.xcconfig"; path = "Pods/Target Support Files/Pods-WHIR/Pods-WHIR.release.xcconfig"; sourceTree = "<group>"; };
		2CB55266217D1511003C5C74 /* pt-BR */ = {isa = PBXFileReference; lastKnownFileType = text.plist.strings; name = "pt-BR"; path = "pt-BR.lproj/Main.strings"; sourceTree = "<group>"; };
		2CB55267217D1511003C5C74 /* pt-BR */ = {isa = PBXFileReference; lastKnownFileType = text.plist.strings; name = "pt-BR"; path = "pt-BR.lproj/LaunchScreen.strings"; sourceTree = "<group>"; };
		2CB55268217D1511003C5C74 /* pt-BR */ = {isa = PBXFileReference; lastKnownFileType = text.plist.strings; name = "pt-BR"; path = "pt-BR.lproj/InfoPlist.strings"; sourceTree = "<group>"; };
		2CB55269217D1511003C5C74 /* pt-BR */ = {isa = PBXFileReference; lastKnownFileType = text.plist.strings; name = "pt-BR"; path = "pt-BR.lproj/Localizable.strings"; sourceTree = "<group>"; };
		320571092033B0F100FCA3B1 /* WHIR.app */ = {isa = PBXFileReference; explicitFileType = wrapper.application; includeInIndex = 0; path = WHIR.app; sourceTree = BUILT_PRODUCTS_DIR; };
		3205710C2033B0F100FCA3B1 /* AppDelegate.swift */ = {isa = PBXFileReference; lastKnownFileType = sourcecode.swift; path = AppDelegate.swift; sourceTree = "<group>"; };
		320571112033B0F100FCA3B1 /* Base */ = {isa = PBXFileReference; lastKnownFileType = file.storyboard; name = Base; path = Base.lproj/Main.storyboard; sourceTree = "<group>"; };
		320571142033B0F100FCA3B1 /* WHIR.xcdatamodel */ = {isa = PBXFileReference; lastKnownFileType = wrapper.xcdatamodel; path = WHIR.xcdatamodel; sourceTree = "<group>"; };
		320571162033B0F100FCA3B1 /* Assets.xcassets */ = {isa = PBXFileReference; lastKnownFileType = folder.assetcatalog; path = Assets.xcassets; sourceTree = "<group>"; };
		320571192033B0F100FCA3B1 /* Base */ = {isa = PBXFileReference; lastKnownFileType = file.storyboard; name = Base; path = Base.lproj/LaunchScreen.storyboard; sourceTree = "<group>"; };
		3205711B2033B0F100FCA3B1 /* Info.plist */ = {isa = PBXFileReference; lastKnownFileType = text.plist.xml; path = Info.plist; sourceTree = "<group>"; };
		3213C1992111E5E100D88142 /* Book+CoreDataProperties.swift */ = {isa = PBXFileReference; fileEncoding = 4; lastKnownFileType = sourcecode.swift; name = "Book+CoreDataProperties.swift"; path = "WHIR/Book+CoreDataProperties.swift"; sourceTree = SOURCE_ROOT; };
		3213C19A2111E5E100D88142 /* Book+CoreDataClass.swift */ = {isa = PBXFileReference; fileEncoding = 4; lastKnownFileType = sourcecode.swift; name = "Book+CoreDataClass.swift"; path = "WHIR/Book+CoreDataClass.swift"; sourceTree = SOURCE_ROOT; };
		32214C5C20BE600400C4ECEF /* KMPlaceholderTextView.framework */ = {isa = PBXFileReference; explicitFileType = wrapper.framework; path = KMPlaceholderTextView.framework; sourceTree = BUILT_PRODUCTS_DIR; };
		32214C5E20BE600400C4ECEF /* SwiftyStoreKit.framework */ = {isa = PBXFileReference; explicitFileType = wrapper.framework; path = SwiftyStoreKit.framework; sourceTree = BUILT_PRODUCTS_DIR; };
		324F2DCE2075877A006EFF74 /* CoreData.framework */ = {isa = PBXFileReference; lastKnownFileType = wrapper.framework; name = CoreData.framework; path = System/Library/Frameworks/CoreData.framework; sourceTree = SDKROOT; };
		326102B420751D8D00AB0BE8 /* DetailViewController.swift */ = {isa = PBXFileReference; lastKnownFileType = sourcecode.swift; path = DetailViewController.swift; sourceTree = "<group>"; };
		3262142A203737A200EA8A83 /* AlertableError.swift */ = {isa = PBXFileReference; fileEncoding = 4; lastKnownFileType = sourcecode.swift; path = AlertableError.swift; sourceTree = "<group>"; };
		327A11EF20BDCBDF008B635F /* StoreKit.framework */ = {isa = PBXFileReference; lastKnownFileType = wrapper.framework; name = StoreKit.framework; path = System/Library/Frameworks/StoreKit.framework; sourceTree = SDKROOT; };
		328BC3272049952E0094B9DC /* BookFetchedResultsController.swift */ = {isa = PBXFileReference; fileEncoding = 4; lastKnownFileType = sourcecode.swift; path = BookFetchedResultsController.swift; sourceTree = "<group>"; };
		32B0B06B20763A870048E8DD /* SearchViewController.swift */ = {isa = PBXFileReference; lastKnownFileType = sourcecode.swift; path = SearchViewController.swift; sourceTree = "<group>"; };
		32BDE54020341FEF00247FC0 /* CoreDataStack.swift */ = {isa = PBXFileReference; lastKnownFileType = sourcecode.swift; path = CoreDataStack.swift; sourceTree = "<group>"; };
		32BDE542203421E300247FC0 /* TableViewController.swift */ = {isa = PBXFileReference; lastKnownFileType = sourcecode.swift; path = TableViewController.swift; sourceTree = "<group>"; };
		32BDE544203425C400247FC0 /* AddViewController.swift */ = {isa = PBXFileReference; lastKnownFileType = sourcecode.swift; path = AddViewController.swift; sourceTree = "<group>"; };
		32CB0E552075728600B1215C /* InfoViewController.swift */ = {isa = PBXFileReference; lastKnownFileType = sourcecode.swift; path = InfoViewController.swift; sourceTree = "<group>"; };
		32D2545320BD9AA200B5234F /* MarketingAlertHelper.swift */ = {isa = PBXFileReference; lastKnownFileType = sourcecode.swift; path = MarketingAlertHelper.swift; sourceTree = "<group>"; };
		84472E42217767D50002669E /* tr */ = {isa = PBXFileReference; lastKnownFileType = text.plist.strings; name = tr; path = tr.lproj/Main.strings; sourceTree = "<group>"; };
		84472E43217767D50002669E /* tr */ = {isa = PBXFileReference; lastKnownFileType = text.plist.strings; name = tr; path = tr.lproj/LaunchScreen.strings; sourceTree = "<group>"; };
		A8E3A4EC217306790069EC24 /* ru */ = {isa = PBXFileReference; lastKnownFileType = text.plist.strings; name = ru; path = ru.lproj/Main.strings; sourceTree = "<group>"; };
		A8E3A4ED2173067A0069EC24 /* ru */ = {isa = PBXFileReference; lastKnownFileType = text.plist.strings; name = ru; path = ru.lproj/LaunchScreen.strings; sourceTree = "<group>"; };
		ED11A4A821783DAE00D34ABB /* ru */ = {isa = PBXFileReference; lastKnownFileType = text.plist.strings; name = ru; path = ru.lproj/InfoPlist.strings; sourceTree = "<group>"; };
		EDE2E908217F0DBE00306C53 /* fr */ = {isa = PBXFileReference; lastKnownFileType = text.plist.strings; name = fr; path = ../fr.lproj/Main.strings; sourceTree = "<group>"; };
		EDE2E90A217F0DBE00306C53 /* fr */ = {isa = PBXFileReference; lastKnownFileType = text.plist.strings; name = fr; path = fr.lproj/InfoPlist.strings; sourceTree = "<group>"; };
		EDE2E90B217F0DC200306C53 /* fr */ = {isa = PBXFileReference; lastKnownFileType = text.plist.strings; name = fr; path = ../fr.lproj/Localizable.strings; sourceTree = "<group>"; };
		EDE2E911217F176F00306C53 /* OpenLibraryService.swift */ = {isa = PBXFileReference; lastKnownFileType = sourcecode.swift; path = OpenLibraryService.swift; sourceTree = "<group>"; };
		EDE2E913217F1AFB00306C53 /* OpenLibraryBook.swift */ = {isa = PBXFileReference; lastKnownFileType = sourcecode.swift; path = OpenLibraryBook.swift; sourceTree = "<group>"; };
		EDE2E919217F38B300306C53 /* WHIRTests.xctest */ = {isa = PBXFileReference; explicitFileType = wrapper.cfbundle; includeInIndex = 0; path = WHIRTests.xctest; sourceTree = BUILT_PRODUCTS_DIR; };
		EDE2E91D217F38B300306C53 /* Info.plist */ = {isa = PBXFileReference; lastKnownFileType = text.plist.xml; path = Info.plist; sourceTree = "<group>"; };
		EDE2E924217F38FE00306C53 /* OpenLibraryBookTests.swift */ = {isa = PBXFileReference; lastKnownFileType = sourcecode.swift; path = OpenLibraryBookTests.swift; sourceTree = "<group>"; };
		EDE2E927217F398F00306C53 /* XCTestCaseExtensions.swift */ = {isa = PBXFileReference; lastKnownFileType = sourcecode.swift; path = XCTestCaseExtensions.swift; sourceTree = "<group>"; };
		EDE2E92A217F39B800306C53 /* Payloads.bundle */ = {isa = PBXFileReference; lastKnownFileType = "wrapper.plug-in"; path = Payloads.bundle; sourceTree = "<group>"; };
		F48F58823F53CA0B603B31AF /* Pods_WHIR.framework */ = {isa = PBXFileReference; explicitFileType = wrapper.framework; includeInIndex = 0; path = Pods_WHIR.framework; sourceTree = BUILT_PRODUCTS_DIR; };
/* End PBXFileReference section */

/* Begin PBXFrameworksBuildPhase section */
		320571062033B0F100FCA3B1 /* Frameworks */ = {
			isa = PBXFrameworksBuildPhase;
			buildActionMask = 2147483647;
			files = (
				327A11F020BDCBDF008B635F /* StoreKit.framework in Frameworks */,
				324F2DCF2075877A006EFF74 /* CoreData.framework in Frameworks */,
				4BAD8E4053D083DBE774C019 /* Pods_WHIR.framework in Frameworks */,
			);
			runOnlyForDeploymentPostprocessing = 0;
		};
		EDE2E916217F38B300306C53 /* Frameworks */ = {
			isa = PBXFrameworksBuildPhase;
			buildActionMask = 2147483647;
			files = (
			);
			runOnlyForDeploymentPostprocessing = 0;
		};
/* End PBXFrameworksBuildPhase section */

/* Begin PBXGroup section */
		2E56D24BE9E3B9B4B7FF4C52 /* Pods */ = {
			isa = PBXGroup;
			children = (
				2119D20A574449EBD3DB65D1 /* Pods-WHIR.debug.xcconfig */,
				2BF5B6DD9D0F2D934E55481F /* Pods-WHIR.release.xcconfig */,
			);
			name = Pods;
			sourceTree = "<group>";
		};
		320571002033B0F100FCA3B1 = {
			isa = PBXGroup;
			children = (
				3205710B2033B0F100FCA3B1 /* WHIR */,
				EDE2E91A217F38B300306C53 /* WHIRTests */,
				3205710A2033B0F100FCA3B1 /* Products */,
				A17471A2A88C6493E11E4E2F /* Frameworks */,
				2E56D24BE9E3B9B4B7FF4C52 /* Pods */,
			);
			sourceTree = "<group>";
		};
		3205710A2033B0F100FCA3B1 /* Products */ = {
			isa = PBXGroup;
			children = (
				320571092033B0F100FCA3B1 /* WHIR.app */,
				EDE2E919217F38B300306C53 /* WHIRTests.xctest */,
			);
			name = Products;
			sourceTree = "<group>";
		};
		3205710B2033B0F100FCA3B1 /* WHIR */ = {
			isa = PBXGroup;
			children = (
				3262142A203737A200EA8A83 /* AlertableError.swift */,
				3205710C2033B0F100FCA3B1 /* AppDelegate.swift */,
				328BC3272049952E0094B9DC /* BookFetchedResultsController.swift */,
				3255E4DE20C151F700FA7FC3 /* CoreData */,
				3205711B2033B0F100FCA3B1 /* Info.plist */,
				04CBC5402177847D00D35604 /* InfoPlist.strings */,
				32D2545320BD9AA200B5234F /* MarketingAlertHelper.swift */,
				EDE2E90E217F128B00306C53 /* Models */,
				EDE2E92F217F50AF00306C53 /* Resources */,
				EDE2E910217F175B00306C53 /* Services */,
				3255E4DD20C151D100FA7FC3 /* ViewControllers */,
				EDE2E92E217F509B00306C53 /* Views */,
			);
			path = WHIR;
			sourceTree = "<group>";
		};
		3255E4DD20C151D100FA7FC3 /* ViewControllers */ = {
			isa = PBXGroup;
			children = (
				32BDE542203421E300247FC0 /* TableViewController.swift */,
				32CB0E552075728600B1215C /* InfoViewController.swift */,
				32BDE544203425C400247FC0 /* AddViewController.swift */,
				326102B420751D8D00AB0BE8 /* DetailViewController.swift */,
				32B0B06B20763A870048E8DD /* SearchViewController.swift */,
			);
			path = ViewControllers;
			sourceTree = "<group>";
		};
		3255E4DE20C151F700FA7FC3 /* CoreData */ = {
			isa = PBXGroup;
			children = (
				320571132033B0F100FCA3B1 /* WHIR.xcdatamodeld */,
				3213C19A2111E5E100D88142 /* Book+CoreDataClass.swift */,
				3213C1992111E5E100D88142 /* Book+CoreDataProperties.swift */,
				32BDE54020341FEF00247FC0 /* CoreDataStack.swift */,
			);
			path = CoreData;
			sourceTree = "<group>";
		};
		A17471A2A88C6493E11E4E2F /* Frameworks */ = {
			isa = PBXGroup;
			children = (
				32214C5C20BE600400C4ECEF /* KMPlaceholderTextView.framework */,
				32214C5E20BE600400C4ECEF /* SwiftyStoreKit.framework */,
				327A11EF20BDCBDF008B635F /* StoreKit.framework */,
				324F2DCE2075877A006EFF74 /* CoreData.framework */,
				F48F58823F53CA0B603B31AF /* Pods_WHIR.framework */,
			);
			name = Frameworks;
			sourceTree = "<group>";
		};
		EDE2E90E217F128B00306C53 /* Models */ = {
			isa = PBXGroup;
			children = (
				EDE2E913217F1AFB00306C53 /* OpenLibraryBook.swift */,
			);
			path = Models;
			sourceTree = "<group>";
		};
		EDE2E910217F175B00306C53 /* Services */ = {
			isa = PBXGroup;
			children = (
				EDE2E911217F176F00306C53 /* OpenLibraryService.swift */,
			);
			path = Services;
			sourceTree = "<group>";
		};
		EDE2E91A217F38B300306C53 /* WHIRTests */ = {
			isa = PBXGroup;
			children = (
				EDE2E926217F397E00306C53 /* Extensions */,
				EDE2E91D217F38B300306C53 /* Info.plist */,
				EDE2E923217F38EF00306C53 /* Models */,
				EDE2E929217F39A600306C53 /* Resources */,
			);
			path = WHIRTests;
			sourceTree = "<group>";
		};
		EDE2E923217F38EF00306C53 /* Models */ = {
			isa = PBXGroup;
			children = (
				EDE2E924217F38FE00306C53 /* OpenLibraryBookTests.swift */,
			);
			path = Models;
			sourceTree = "<group>";
		};
		EDE2E926217F397E00306C53 /* Extensions */ = {
			isa = PBXGroup;
			children = (
				EDE2E927217F398F00306C53 /* XCTestCaseExtensions.swift */,
			);
			path = Extensions;
			sourceTree = "<group>";
		};
		EDE2E929217F39A600306C53 /* Resources */ = {
			isa = PBXGroup;
			children = (
				EDE2E92A217F39B800306C53 /* Payloads.bundle */,
			);
			path = Resources;
			sourceTree = "<group>";
		};
		EDE2E92E217F509B00306C53 /* Views */ = {
			isa = PBXGroup;
			children = (
				320571182033B0F100FCA3B1 /* LaunchScreen.storyboard */,
				320571102033B0F100FCA3B1 /* Main.storyboard */,
			);
			path = Views;
			sourceTree = "<group>";
		};
		EDE2E92F217F50AF00306C53 /* Resources */ = {
			isa = PBXGroup;
			children = (
				320571162033B0F100FCA3B1 /* Assets.xcassets */,
				04CBC5472177878800D35604 /* Localizable.strings */,
			);
			path = Resources;
			sourceTree = "<group>";
		};
/* End PBXGroup section */

/* Begin PBXNativeTarget section */
		320571082033B0F100FCA3B1 /* WHIR */ = {
			isa = PBXNativeTarget;
			buildConfigurationList = 3205711E2033B0F100FCA3B1 /* Build configuration list for PBXNativeTarget "WHIR" */;
			buildPhases = (
				9910D891BE610AB577281405 /* [CP] Check Pods Manifest.lock */,
				320571052033B0F100FCA3B1 /* Sources */,
				320571062033B0F100FCA3B1 /* Frameworks */,
				320571072033B0F100FCA3B1 /* Resources */,
				4C949E8E7942394015C37C5E /* [CP] Embed Pods Frameworks */,
				EDE2E90F217F16C400306C53 /* SwiftLint */,
			);
			buildRules = (
			);
			dependencies = (
			);
			name = WHIR;
			productName = WHIR;
			productReference = 320571092033B0F100FCA3B1 /* WHIR.app */;
			productType = "com.apple.product-type.application";
		};
		EDE2E918217F38B300306C53 /* WHIRTests */ = {
			isa = PBXNativeTarget;
			buildConfigurationList = EDE2E920217F38B300306C53 /* Build configuration list for PBXNativeTarget "WHIRTests" */;
			buildPhases = (
				EDE2E915217F38B300306C53 /* Sources */,
				EDE2E916217F38B300306C53 /* Frameworks */,
				EDE2E917217F38B300306C53 /* Resources */,
			);
			buildRules = (
			);
			dependencies = (
				EDE2E91F217F38B300306C53 /* PBXTargetDependency */,
			);
			name = WHIRTests;
			productName = WHIRTests;
			productReference = EDE2E919217F38B300306C53 /* WHIRTests.xctest */;
			productType = "com.apple.product-type.bundle.unit-test";
		};
/* End PBXNativeTarget section */

/* Begin PBXProject section */
		320571012033B0F100FCA3B1 /* Project object */ = {
			isa = PBXProject;
			attributes = {
				LastSwiftUpdateCheck = 1000;
				LastUpgradeCheck = 0930;
				ORGANIZATIONNAME = "Dirk Hulverscheidt";
				TargetAttributes = {
					320571082033B0F100FCA3B1 = {
						CreatedOnToolsVersion = 9.2;
						ProvisioningStyle = Automatic;
						SystemCapabilities = {
							com.apple.InAppPurchase = {
								enabled = 1;
							};
						};
					};
					EDE2E918217F38B300306C53 = {
						CreatedOnToolsVersion = 10.0;
						ProvisioningStyle = Automatic;
						TestTargetID = 320571082033B0F100FCA3B1;
					};
				};
			};
			buildConfigurationList = 320571042033B0F100FCA3B1 /* Build configuration list for PBXProject "WHIR" */;
			compatibilityVersion = "Xcode 8.0";
			developmentRegion = en;
			hasScannedForEncodings = 0;
			knownRegions = (
				en,
				Base,
				de,
				ru,
				"pt-BR",
				fr,
			);
			mainGroup = 320571002033B0F100FCA3B1;
			productRefGroup = 3205710A2033B0F100FCA3B1 /* Products */;
			projectDirPath = "";
			projectRoot = "";
			targets = (
				320571082033B0F100FCA3B1 /* WHIR */,
				EDE2E918217F38B300306C53 /* WHIRTests */,
			);
		};
/* End PBXProject section */

/* Begin PBXResourcesBuildPhase section */
		320571072033B0F100FCA3B1 /* Resources */ = {
			isa = PBXResourcesBuildPhase;
			buildActionMask = 2147483647;
			files = (
				04CBC5452177878800D35604 /* Localizable.strings in Resources */,
				3205711A2033B0F100FCA3B1 /* LaunchScreen.storyboard in Resources */,
				320571172033B0F100FCA3B1 /* Assets.xcassets in Resources */,
				320571122033B0F100FCA3B1 /* Main.storyboard in Resources */,
				04CBC53E2177847D00D35604 /* InfoPlist.strings in Resources */,
			);
			runOnlyForDeploymentPostprocessing = 0;
		};
		EDE2E917217F38B300306C53 /* Resources */ = {
			isa = PBXResourcesBuildPhase;
			buildActionMask = 2147483647;
			files = (
				EDE2E92B217F39B800306C53 /* Payloads.bundle in Resources */,
			);
			runOnlyForDeploymentPostprocessing = 0;
		};
/* End PBXResourcesBuildPhase section */

/* Begin PBXShellScriptBuildPhase section */
		4C949E8E7942394015C37C5E /* [CP] Embed Pods Frameworks */ = {
			isa = PBXShellScriptBuildPhase;
			buildActionMask = 2147483647;
			files = (
			);
			inputPaths = (
				"${SRCROOT}/Pods/Target Support Files/Pods-WHIR/Pods-WHIR-frameworks.sh",
				"${BUILT_PRODUCTS_DIR}/BarcodeScanner/BarcodeScanner.framework",
				"${BUILT_PRODUCTS_DIR}/KMPlaceholderTextView/KMPlaceholderTextView.framework",
			);
			name = "[CP] Embed Pods Frameworks";
			outputPaths = (
				"${TARGET_BUILD_DIR}/${FRAMEWORKS_FOLDER_PATH}/BarcodeScanner.framework",
				"${TARGET_BUILD_DIR}/${FRAMEWORKS_FOLDER_PATH}/KMPlaceholderTextView.framework",
			);
			runOnlyForDeploymentPostprocessing = 0;
			shellPath = /bin/sh;
			shellScript = "\"${SRCROOT}/Pods/Target Support Files/Pods-WHIR/Pods-WHIR-frameworks.sh\"\n";
			showEnvVarsInLog = 0;
		};
		9910D891BE610AB577281405 /* [CP] Check Pods Manifest.lock */ = {
			isa = PBXShellScriptBuildPhase;
			buildActionMask = 2147483647;
			files = (
			);
			inputPaths = (
				"${PODS_PODFILE_DIR_PATH}/Podfile.lock",
				"${PODS_ROOT}/Manifest.lock",
			);
			name = "[CP] Check Pods Manifest.lock";
			outputPaths = (
				"$(DERIVED_FILE_DIR)/Pods-WHIR-checkManifestLockResult.txt",
			);
			runOnlyForDeploymentPostprocessing = 0;
			shellPath = /bin/sh;
			shellScript = "diff \"${PODS_PODFILE_DIR_PATH}/Podfile.lock\" \"${PODS_ROOT}/Manifest.lock\" > /dev/null\nif [ $? != 0 ] ; then\n    # print error to STDERR\n    echo \"error: The sandbox is not in sync with the Podfile.lock. Run 'pod install' or update your CocoaPods installation.\" >&2\n    exit 1\nfi\n# This output is used by Xcode 'outputs' to avoid re-running this script phase.\necho \"SUCCESS\" > \"${SCRIPT_OUTPUT_FILE_0}\"\n";
			showEnvVarsInLog = 0;
		};
		EDE2E90F217F16C400306C53 /* SwiftLint */ = {
			isa = PBXShellScriptBuildPhase;
			buildActionMask = 2147483647;
			files = (
			);
			inputFileListPaths = (
			);
			inputPaths = (
			);
			name = SwiftLint;
			outputFileListPaths = (
			);
			outputPaths = (
			);
			runOnlyForDeploymentPostprocessing = 0;
			shellPath = /bin/sh;
			shellScript = "if which swiftlint >/dev/null; then\n    swiftlint\nelse\n    echo \"warning: SwiftLint not installed, download from https://github.com/realm/SwiftLint\"\nfi\n";
		};
/* End PBXShellScriptBuildPhase section */

/* Begin PBXSourcesBuildPhase section */
		320571052033B0F100FCA3B1 /* Sources */ = {
			isa = PBXSourcesBuildPhase;
			buildActionMask = 2147483647;
			files = (
				32BDE545203425C400247FC0 /* AddViewController.swift in Sources */,
				EDE2E914217F1AFB00306C53 /* OpenLibraryBook.swift in Sources */,
				32CB0E562075728600B1215C /* InfoViewController.swift in Sources */,
				3213C19B2111E5E100D88142 /* Book+CoreDataProperties.swift in Sources */,
				320571152033B0F100FCA3B1 /* WHIR.xcdatamodeld in Sources */,
				32D2545420BD9AA200B5234F /* MarketingAlertHelper.swift in Sources */,
				3205710D2033B0F100FCA3B1 /* AppDelegate.swift in Sources */,
				32B0B06C20763A870048E8DD /* SearchViewController.swift in Sources */,
				32BDE543203421E300247FC0 /* TableViewController.swift in Sources */,
				328BC3282049952F0094B9DC /* BookFetchedResultsController.swift in Sources */,
				326102B520751D8E00AB0BE8 /* DetailViewController.swift in Sources */,
				EDE2E912217F176F00306C53 /* OpenLibraryService.swift in Sources */,
				3213C19C2111E5E100D88142 /* Book+CoreDataClass.swift in Sources */,
				3262142B203737A200EA8A83 /* AlertableError.swift in Sources */,
				32BDE54120341FEF00247FC0 /* CoreDataStack.swift in Sources */,
			);
			runOnlyForDeploymentPostprocessing = 0;
		};
		EDE2E915217F38B300306C53 /* Sources */ = {
			isa = PBXSourcesBuildPhase;
			buildActionMask = 2147483647;
			files = (
				EDE2E928217F398F00306C53 /* XCTestCaseExtensions.swift in Sources */,
				EDE2E925217F38FE00306C53 /* OpenLibraryBookTests.swift in Sources */,
			);
			runOnlyForDeploymentPostprocessing = 0;
		};
/* End PBXSourcesBuildPhase section */

/* Begin PBXTargetDependency section */
		EDE2E91F217F38B300306C53 /* PBXTargetDependency */ = {
			isa = PBXTargetDependency;
			target = 320571082033B0F100FCA3B1 /* WHIR */;
			targetProxy = EDE2E91E217F38B300306C53 /* PBXContainerItemProxy */;
		};
/* End PBXTargetDependency section */

/* Begin PBXVariantGroup section */
		04CBC5402177847D00D35604 /* InfoPlist.strings */ = {
			isa = PBXVariantGroup;
			children = (
				04CBC5412177847F00D35604 /* de */,
				04CBC5422177858A00D35604 /* en */,
				ED11A4A821783DAE00D34ABB /* ru */,
				2CB55268217D1511003C5C74 /* pt-BR */,
				EDE2E90A217F0DBE00306C53 /* fr */,
			);
			name = InfoPlist.strings;
			sourceTree = "<group>";
		};
		04CBC5472177878800D35604 /* Localizable.strings */ = {
			isa = PBXVariantGroup;
			children = (
				04CBC5462177878800D35604 /* en */,
				04CBC5482177878900D35604 /* de */,
				2CB55269217D1511003C5C74 /* pt-BR */,
				EDE2E90B217F0DC200306C53 /* fr */,
			);
			name = Localizable.strings;
			sourceTree = "<group>";
		};
		320571102033B0F100FCA3B1 /* Main.storyboard */ = {
			isa = PBXVariantGroup;
			children = (
				320571112033B0F100FCA3B1 /* Base */,
				84472E42217767D50002669E /* tr */,
				04CBC5372177761100D35604 /* de */,
				A8E3A4EC217306790069EC24 /* ru */,
				2CB55266217D1511003C5C74 /* pt-BR */,
				EDE2E908217F0DBE00306C53 /* fr */,
			);
			name = Main.storyboard;
			sourceTree = "<group>";
		};
		320571182033B0F100FCA3B1 /* LaunchScreen.storyboard */ = {
			isa = PBXVariantGroup;
			children = (
				320571192033B0F100FCA3B1 /* Base */,
				84472E43217767D50002669E /* tr */,
				04CBC5382177761100D35604 /* de */,
				A8E3A4ED2173067A0069EC24 /* ru */,
				2CB55267217D1511003C5C74 /* pt-BR */,
			);
			name = LaunchScreen.storyboard;
			sourceTree = "<group>";
		};
/* End PBXVariantGroup section */

/* Begin XCBuildConfiguration section */
		3205711C2033B0F100FCA3B1 /* Debug */ = {
			isa = XCBuildConfiguration;
			buildSettings = {
				ALWAYS_SEARCH_USER_PATHS = NO;
				CLANG_ANALYZER_LOCALIZABILITY_NONLOCALIZED = YES;
				CLANG_ANALYZER_NONNULL = YES;
				CLANG_ANALYZER_NUMBER_OBJECT_CONVERSION = YES_AGGRESSIVE;
				CLANG_CXX_LANGUAGE_STANDARD = "gnu++14";
				CLANG_CXX_LIBRARY = "libc++";
				CLANG_ENABLE_MODULES = YES;
				CLANG_ENABLE_OBJC_ARC = YES;
				CLANG_WARN_BLOCK_CAPTURE_AUTORELEASING = YES;
				CLANG_WARN_BOOL_CONVERSION = YES;
				CLANG_WARN_COMMA = YES;
				CLANG_WARN_CONSTANT_CONVERSION = YES;
				CLANG_WARN_DEPRECATED_OBJC_IMPLEMENTATIONS = YES;
				CLANG_WARN_DIRECT_OBJC_ISA_USAGE = YES_ERROR;
				CLANG_WARN_DOCUMENTATION_COMMENTS = YES;
				CLANG_WARN_EMPTY_BODY = YES;
				CLANG_WARN_ENUM_CONVERSION = YES;
				CLANG_WARN_INFINITE_RECURSION = YES;
				CLANG_WARN_INT_CONVERSION = YES;
				CLANG_WARN_NON_LITERAL_NULL_CONVERSION = YES;
				CLANG_WARN_OBJC_IMPLICIT_RETAIN_SELF = YES;
				CLANG_WARN_OBJC_LITERAL_CONVERSION = YES;
				CLANG_WARN_OBJC_ROOT_CLASS = YES_ERROR;
				CLANG_WARN_RANGE_LOOP_ANALYSIS = YES;
				CLANG_WARN_STRICT_PROTOTYPES = YES;
				CLANG_WARN_SUSPICIOUS_MOVE = YES;
				CLANG_WARN_UNGUARDED_AVAILABILITY = YES_AGGRESSIVE;
				CLANG_WARN_UNREACHABLE_CODE = YES;
				CLANG_WARN__DUPLICATE_METHOD_MATCH = YES;
				CODE_SIGN_IDENTITY = "iPhone Developer";
				COPY_PHASE_STRIP = NO;
				DEBUG_INFORMATION_FORMAT = dwarf;
				ENABLE_STRICT_OBJC_MSGSEND = YES;
				ENABLE_TESTABILITY = YES;
				GCC_C_LANGUAGE_STANDARD = gnu11;
				GCC_DYNAMIC_NO_PIC = NO;
				GCC_NO_COMMON_BLOCKS = YES;
				GCC_OPTIMIZATION_LEVEL = 0;
				GCC_PREPROCESSOR_DEFINITIONS = (
					"DEBUG=1",
					"$(inherited)",
				);
				GCC_WARN_64_TO_32_BIT_CONVERSION = YES;
				GCC_WARN_ABOUT_RETURN_TYPE = YES_ERROR;
				GCC_WARN_UNDECLARED_SELECTOR = YES;
				GCC_WARN_UNINITIALIZED_AUTOS = YES_AGGRESSIVE;
				GCC_WARN_UNUSED_FUNCTION = YES;
				GCC_WARN_UNUSED_VARIABLE = YES;
				IPHONEOS_DEPLOYMENT_TARGET = 11.0;
				MTL_ENABLE_DEBUG_INFO = YES;
				ONLY_ACTIVE_ARCH = YES;
				SDKROOT = iphoneos;
				SWIFT_ACTIVE_COMPILATION_CONDITIONS = DEBUG;
				SWIFT_OPTIMIZATION_LEVEL = "-Onone";
			};
			name = Debug;
		};
		3205711D2033B0F100FCA3B1 /* Release */ = {
			isa = XCBuildConfiguration;
			buildSettings = {
				ALWAYS_SEARCH_USER_PATHS = NO;
				CLANG_ANALYZER_LOCALIZABILITY_NONLOCALIZED = YES;
				CLANG_ANALYZER_NONNULL = YES;
				CLANG_ANALYZER_NUMBER_OBJECT_CONVERSION = YES_AGGRESSIVE;
				CLANG_CXX_LANGUAGE_STANDARD = "gnu++14";
				CLANG_CXX_LIBRARY = "libc++";
				CLANG_ENABLE_MODULES = YES;
				CLANG_ENABLE_OBJC_ARC = YES;
				CLANG_WARN_BLOCK_CAPTURE_AUTORELEASING = YES;
				CLANG_WARN_BOOL_CONVERSION = YES;
				CLANG_WARN_COMMA = YES;
				CLANG_WARN_CONSTANT_CONVERSION = YES;
				CLANG_WARN_DEPRECATED_OBJC_IMPLEMENTATIONS = YES;
				CLANG_WARN_DIRECT_OBJC_ISA_USAGE = YES_ERROR;
				CLANG_WARN_DOCUMENTATION_COMMENTS = YES;
				CLANG_WARN_EMPTY_BODY = YES;
				CLANG_WARN_ENUM_CONVERSION = YES;
				CLANG_WARN_INFINITE_RECURSION = YES;
				CLANG_WARN_INT_CONVERSION = YES;
				CLANG_WARN_NON_LITERAL_NULL_CONVERSION = YES;
				CLANG_WARN_OBJC_IMPLICIT_RETAIN_SELF = YES;
				CLANG_WARN_OBJC_LITERAL_CONVERSION = YES;
				CLANG_WARN_OBJC_ROOT_CLASS = YES_ERROR;
				CLANG_WARN_RANGE_LOOP_ANALYSIS = YES;
				CLANG_WARN_STRICT_PROTOTYPES = YES;
				CLANG_WARN_SUSPICIOUS_MOVE = YES;
				CLANG_WARN_UNGUARDED_AVAILABILITY = YES_AGGRESSIVE;
				CLANG_WARN_UNREACHABLE_CODE = YES;
				CLANG_WARN__DUPLICATE_METHOD_MATCH = YES;
				CODE_SIGN_IDENTITY = "iPhone Developer";
				COPY_PHASE_STRIP = NO;
				DEBUG_INFORMATION_FORMAT = "dwarf-with-dsym";
				ENABLE_NS_ASSERTIONS = NO;
				ENABLE_STRICT_OBJC_MSGSEND = YES;
				GCC_C_LANGUAGE_STANDARD = gnu11;
				GCC_NO_COMMON_BLOCKS = YES;
				GCC_WARN_64_TO_32_BIT_CONVERSION = YES;
				GCC_WARN_ABOUT_RETURN_TYPE = YES_ERROR;
				GCC_WARN_UNDECLARED_SELECTOR = YES;
				GCC_WARN_UNINITIALIZED_AUTOS = YES_AGGRESSIVE;
				GCC_WARN_UNUSED_FUNCTION = YES;
				GCC_WARN_UNUSED_VARIABLE = YES;
				IPHONEOS_DEPLOYMENT_TARGET = 11.0;
				MTL_ENABLE_DEBUG_INFO = NO;
				SDKROOT = iphoneos;
				SWIFT_OPTIMIZATION_LEVEL = "-Owholemodule";
				VALIDATE_PRODUCT = YES;
			};
			name = Release;
		};
		3205711F2033B0F100FCA3B1 /* Debug */ = {
			isa = XCBuildConfiguration;
			baseConfigurationReference = 2119D20A574449EBD3DB65D1 /* Pods-WHIR.debug.xcconfig */;
			buildSettings = {
				ASSETCATALOG_COMPILER_APPICON_NAME = AppIcon;
				CODE_SIGN_STYLE = Automatic;
				DEFINES_MODULE = YES;
				DEVELOPMENT_TEAM = "";
				INFOPLIST_FILE = WHIR/Info.plist;
				IPHONEOS_DEPLOYMENT_TARGET = 11.0;
				LD_RUNPATH_SEARCH_PATHS = "$(inherited) @executable_path/Frameworks";
				PRODUCT_BUNDLE_IDENTIFIER = dirkhulverscheidt.WHIR;
				PRODUCT_NAME = "$(TARGET_NAME)";
				SWIFT_VERSION = 4.0;
				TARGETED_DEVICE_FAMILY = "1,2";
			};
			name = Debug;
		};
		320571202033B0F100FCA3B1 /* Release */ = {
			isa = XCBuildConfiguration;
			baseConfigurationReference = 2BF5B6DD9D0F2D934E55481F /* Pods-WHIR.release.xcconfig */;
			buildSettings = {
				ASSETCATALOG_COMPILER_APPICON_NAME = AppIcon;
				CODE_SIGN_STYLE = Automatic;
				DEFINES_MODULE = YES;
				DEVELOPMENT_TEAM = "";
				INFOPLIST_FILE = WHIR/Info.plist;
				IPHONEOS_DEPLOYMENT_TARGET = 11.0;
				LD_RUNPATH_SEARCH_PATHS = "$(inherited) @executable_path/Frameworks";
				PRODUCT_BUNDLE_IDENTIFIER = dirkhulverscheidt.WHIR;
				PRODUCT_NAME = "$(TARGET_NAME)";
				SWIFT_VERSION = 4.0;
				TARGETED_DEVICE_FAMILY = "1,2";
			};
			name = Release;
		};
		EDE2E921217F38B300306C53 /* Debug */ = {
			isa = XCBuildConfiguration;
			buildSettings = {
				BUNDLE_LOADER = "$(TEST_HOST)";
				CLANG_ENABLE_OBJC_WEAK = YES;
				CODE_SIGN_STYLE = Automatic;
				DEVELOPMENT_TEAM = PQGF24BYJ7;
				INFOPLIST_FILE = WHIRTests/Info.plist;
				IPHONEOS_DEPLOYMENT_TARGET = 12.0;
				LD_RUNPATH_SEARCH_PATHS = "$(inherited) @executable_path/Frameworks @loader_path/Frameworks";
				MTL_ENABLE_DEBUG_INFO = INCLUDE_SOURCE;
				MTL_FAST_MATH = YES;
				PRODUCT_BUNDLE_IDENTIFIER = dirkhulverscheidt.WHIR.WHIRTests;
				PRODUCT_NAME = "$(TARGET_NAME)";
				SWIFT_VERSION = 4.2;
				TARGETED_DEVICE_FAMILY = "1,2";
				TEST_HOST = "$(BUILT_PRODUCTS_DIR)/WHIR.app/WHIR";
			};
			name = Debug;
		};
		EDE2E922217F38B300306C53 /* Release */ = {
			isa = XCBuildConfiguration;
			buildSettings = {
				BUNDLE_LOADER = "$(TEST_HOST)";
				CLANG_ENABLE_OBJC_WEAK = YES;
				CODE_SIGN_STYLE = Automatic;
				DEVELOPMENT_TEAM = PQGF24BYJ7;
				INFOPLIST_FILE = WHIRTests/Info.plist;
				IPHONEOS_DEPLOYMENT_TARGET = 12.0;
				LD_RUNPATH_SEARCH_PATHS = "$(inherited) @executable_path/Frameworks @loader_path/Frameworks";
				MTL_FAST_MATH = YES;
				PRODUCT_BUNDLE_IDENTIFIER = dirkhulverscheidt.WHIR.WHIRTests;
				PRODUCT_NAME = "$(TARGET_NAME)";
				SWIFT_VERSION = 4.2;
				TARGETED_DEVICE_FAMILY = "1,2";
				TEST_HOST = "$(BUILT_PRODUCTS_DIR)/WHIR.app/WHIR";
			};
			name = Release;
		};
/* End XCBuildConfiguration section */

/* Begin XCConfigurationList section */
		320571042033B0F100FCA3B1 /* Build configuration list for PBXProject "WHIR" */ = {
			isa = XCConfigurationList;
			buildConfigurations = (
				3205711C2033B0F100FCA3B1 /* Debug */,
				3205711D2033B0F100FCA3B1 /* Release */,
			);
			defaultConfigurationIsVisible = 0;
			defaultConfigurationName = Release;
		};
		3205711E2033B0F100FCA3B1 /* Build configuration list for PBXNativeTarget "WHIR" */ = {
			isa = XCConfigurationList;
			buildConfigurations = (
				3205711F2033B0F100FCA3B1 /* Debug */,
				320571202033B0F100FCA3B1 /* Release */,
			);
			defaultConfigurationIsVisible = 0;
			defaultConfigurationName = Release;
		};
		EDE2E920217F38B300306C53 /* Build configuration list for PBXNativeTarget "WHIRTests" */ = {
			isa = XCConfigurationList;
			buildConfigurations = (
				EDE2E921217F38B300306C53 /* Debug */,
				EDE2E922217F38B300306C53 /* Release */,
			);
			defaultConfigurationIsVisible = 0;
			defaultConfigurationName = Release;
		};
/* End XCConfigurationList section */

/* Begin XCVersionGroup section */
		320571132033B0F100FCA3B1 /* WHIR.xcdatamodeld */ = {
			isa = XCVersionGroup;
			children = (
				320571142033B0F100FCA3B1 /* WHIR.xcdatamodel */,
			);
			currentVersion = 320571142033B0F100FCA3B1 /* WHIR.xcdatamodel */;
			path = WHIR.xcdatamodeld;
			sourceTree = "<group>";
			versionGroupType = wrapper.xcdatamodel;
		};
/* End XCVersionGroup section */
	};
	rootObject = 320571012033B0F100FCA3B1 /* Project object */;
}
